
Microsoft Visual Studio Solution File, Format Version 12.00
# Visual Studio Version 17
VisualStudioVersion = 17.4.33213.308
MinimumVisualStudioVersion = 10.0.40219.1
Project("{9A19103F-16F7-4668-BE54-9A1E7A4F7556}") = "Mc2.CrudTest.AcceptanceTests", "test\Mc2.CrudTest.AcceptanceTests\Mc2.CrudTest.AcceptanceTests.csproj", "{6776DF76-1054-486C-A79A-57100C47032F}"
EndProject
Project("{9A19103F-16F7-4668-BE54-9A1E7A4F7556}") = "Mc2.CrudTest.Domain", "src\Mc2.CrudTest.Domain\Mc2.CrudTest.Domain.csproj", "{1C276382-2620-4864-838F-CC4F76D7EC14}"
EndProject
Project("{9A19103F-16F7-4668-BE54-9A1E7A4F7556}") = "Mc2.CrudTest.Infrastructure", "src\Mc2.CrudTest.Infrastructure\Mc2.CrudTest.Infrastructure.csproj", "{30AD1721-6D00-4C57-8BFD-0333CB2B320E}"
EndProject
Project("{9A19103F-16F7-4668-BE54-9A1E7A4F7556}") = "Mc2.CrudTest.WebApi", "src\Mc2.CrudTest.WebApi\Mc2.CrudTest.WebApi.csproj", "{36A9B21A-B7B2-4B35-BCDC-29541A015DF0}"
EndProject
Project("{2150E333-8FDC-42A3-9474-1A3956D46DE8}") = "src", "src", "{C4E0F752-481A-4753-8C15-C41B8706A751}"
EndProject
Project("{2150E333-8FDC-42A3-9474-1A3956D46DE8}") = "test", "test", "{60A0BDBF-81FD-4E17-9E00-A3F0AC6BDD4A}"
EndProject
Project("{FAE04EC0-301F-11D3-BF4B-00C04F79EFBC}") = "Mc2.CrudTest.Application", "Mc2.CrudTest.Application\Mc2.CrudTest.Application.csproj", "{A488FE86-A5AE-4399-94D5-E4306A8113CE}"
EndProject
Global
	GlobalSection(SolutionConfigurationPlatforms) = preSolution
		Debug|Any CPU = Debug|Any CPU
		Release|Any CPU = Release|Any CPU
	EndGlobalSection
	GlobalSection(ProjectConfigurationPlatforms) = postSolution
		{6776DF76-1054-486C-A79A-57100C47032F}.Debug|Any CPU.ActiveCfg = Debug|Any CPU
		{6776DF76-1054-486C-A79A-57100C47032F}.Debug|Any CPU.Build.0 = Debug|Any CPU
		{6776DF76-1054-486C-A79A-57100C47032F}.Release|Any CPU.ActiveCfg = Release|Any CPU
		{6776DF76-1054-486C-A79A-57100C47032F}.Release|Any CPU.Build.0 = Release|Any CPU
		{1C276382-2620-4864-838F-CC4F76D7EC14}.Debug|Any CPU.ActiveCfg = Debug|Any CPU
		{1C276382-2620-4864-838F-CC4F76D7EC14}.Debug|Any CPU.Build.0 = Debug|Any CPU
		{1C276382-2620-4864-838F-CC4F76D7EC14}.Release|Any CPU.ActiveCfg = Release|Any CPU
		{1C276382-2620-4864-838F-CC4F76D7EC14}.Release|Any CPU.Build.0 = Release|Any CPU
		{30AD1721-6D00-4C57-8BFD-0333CB2B320E}.Debug|Any CPU.ActiveCfg = Debug|Any CPU
		{30AD1721-6D00-4C57-8BFD-0333CB2B320E}.Debug|Any CPU.Build.0 = Debug|Any CPU
		{30AD1721-6D00-4C57-8BFD-0333CB2B320E}.Release|Any CPU.ActiveCfg = Release|Any CPU
		{30AD1721-6D00-4C57-8BFD-0333CB2B320E}.Release|Any CPU.Build.0 = Release|Any CPU
		{36A9B21A-B7B2-4B35-BCDC-29541A015DF0}.Debug|Any CPU.ActiveCfg = Debug|Any CPU
		{36A9B21A-B7B2-4B35-BCDC-29541A015DF0}.Debug|Any CPU.Build.0 = Debug|Any CPU
		{36A9B21A-B7B2-4B35-BCDC-29541A015DF0}.Release|Any CPU.ActiveCfg = Release|Any CPU
		{36A9B21A-B7B2-4B35-BCDC-29541A015DF0}.Release|Any CPU.Build.0 = Release|Any CPU
		{A488FE86-A5AE-4399-94D5-E4306A8113CE}.Debug|Any CPU.ActiveCfg = Debug|Any CPU
		{A488FE86-A5AE-4399-94D5-E4306A8113CE}.Debug|Any CPU.Build.0 = Debug|Any CPU
		{A488FE86-A5AE-4399-94D5-E4306A8113CE}.Release|Any CPU.ActiveCfg = Release|Any CPU
		{A488FE86-A5AE-4399-94D5-E4306A8113CE}.Release|Any CPU.Build.0 = Release|Any CPU
	EndGlobalSection
	GlobalSection(SolutionProperties) = preSolution
		HideSolutionNode = FALSE
	EndGlobalSection
	GlobalSection(NestedProjects) = preSolution
		{6776DF76-1054-486C-A79A-57100C47032F} = {60A0BDBF-81FD-4E17-9E00-A3F0AC6BDD4A}
		{1C276382-2620-4864-838F-CC4F76D7EC14} = {C4E0F752-481A-4753-8C15-C41B8706A751}
		{30AD1721-6D00-4C57-8BFD-0333CB2B320E} = {C4E0F752-481A-4753-8C15-C41B8706A751}
		{36A9B21A-B7B2-4B35-BCDC-29541A015DF0} = {C4E0F752-481A-4753-8C15-C41B8706A751}
		{A488FE86-A5AE-4399-94D5-E4306A8113CE} = {C4E0F752-481A-4753-8C15-C41B8706A751}
	EndGlobalSection
	GlobalSection(ExtensibilityGlobals) = postSolution
		SolutionGuid = {4B5A26C9-68C1-49D9-9F32-AF907A1730C2}
	EndGlobalSection
EndGlobal
